{
  "version": 4,
  "terraform_version": "1.12.2",
  "serial": 133,
  "lineage": "fbd88cd3-eac5-e543-e71f-048d75553619",
  "outputs": {},
  "resources": [
    {
      "mode": "managed",
      "type": "proxmox_virtual_environment_vm",
      "name": "ubuntu_vms",
      "provider": "provider[\"registry.terraform.io/bpg/proxmox\"]",
      "instances": [
        {
          "index_key": "stan-acn01",
          "schema_version": 0,
          "attributes": {
            "acpi": true,
            "agent": [
              {
                "enabled": true,
                "timeout": "15m",
                "trim": false,
                "type": "virtio"
              }
            ],
            "audio_device": [],
            "bios": "seabios",
            "boot_order": null,
            "cdrom": [],
            "clone": [
              {
                "datastore_id": "",
                "full": true,
                "node_name": "",
                "retries": 1,
                "vm_id": 110
              }
            ],
            "cpu": [
              {
                "architecture": "x86_64",
                "cores": 4,
                "flags": [],
                "hotplugged": 0,
                "limit": 0,
                "numa": false,
                "sockets": 1,
                "type": "host",
                "units": 1024
              }
            ],
            "description": "Automation Control Node - Jenkins master, Ansible control plane",
            "disk": [
              {
                "cache": "none",
                "datastore_id": "disk1tb-01",
                "discard": "ignore",
                "file_format": "raw",
                "file_id": "",
                "interface": "scsi0",
                "iothread": false,
                "path_in_datastore": "vm-1003-disk-0",
                "size": 200,
                "speed": [],
                "ssd": false
              }
            ],
            "efi_disk": [],
            "hook_script_file_id": null,
            "hostpci": [],
            "id": "1003",
            "initialization": [
              {
                "datastore_id": "disk1tb-01",
                "dns": [
                  {
                    "domain": "",
                    "server": "",
                    "servers": [
                      "192.168.1.55",
                      "1.1.1.1"
                    ]
                  }
                ],
                "interface": "ide2",
                "ip_config": [
                  {
                    "ipv4": [
                      {
                        "address": "dhcp",
                        "gateway": ""
                      }
                    ],
                    "ipv6": []
                  }
                ],
                "meta_data_file_id": "",
                "network_data_file_id": "",
                "type": "",
                "user_account": [
                  {
                    "keys": [
                      "ssh-rsa AAAAB3NzaC1yc2EAAAADAQABAAABgQCzUXlDKjVBkd5g9HZmlElOJHaAhRSOACSe3N16JCMcj7w96opfwdrmq+wri9tUkyPQJeNknO83KtZyIeOwyTNcDAuDS27UWPHCv1qLCr2xk7iUXe+8hW7DisuVJ2/GOkdqxwjto3a8Npvc3gHJmrvKDLqiRaal6pxkVTwA/peMjLIKrEc6NATY4+Uu/EGNDbo9dToqmQyvD/iArz5+1kwG0VD4x1PXzBmTsv7PC6QDEciMN/TcXAKaN3oqtOm0wheYYInFy36yQEP4lgRwTUseMr1hSzpdpi3eN2BujB1zzDxWvN+NN3GdWVvdabbb2ORkC2F/XgTUu9UHffKDJreF7rJ66nKORcgMxuBBv9fOj1yXM1topsBFNfI+R+YDkSJozgfZCZHQUbzXiuzDyLtfA3fGcT4k1pja19OpodVrimoxsHAzoeQo2hyBDtPdOrXUEsZNeY4Mh2hkGYwrdXarsuhW2oUsrQrr2qByzlvQITf9PCdpACxcxpJEVNctUBk=",
                      "ssh-ed25519 AAAAC3NzaC1lZDI1NTE5AAAAILx4I1Jn1KrZ7sbGRZkmtAY+1wG4kONRONL1pqWxG1BJ"
                    ],
                    "password": "",
                    "username": "ubuntu"
                  }
                ],
                "user_data_file_id": "",
                "vendor_data_file_id": ""
              }
            ],
            "ipv4_addresses": [],
            "ipv6_addresses": [],
            "keyboard_layout": "en-us",
            "kvm_arguments": null,
            "mac_addresses": [
              "BC:24:11:E3:57:4D"
            ],
            "machine": null,
            "memory": [
              {
                "dedicated": 16384,
                "floating": 0,
                "shared": 0
              }
            ],
            "migrate": false,
            "name": "stan-acn01",
            "network_device": [
              {
                "bridge": "vmbr0",
                "enabled": true,
                "firewall": false,
                "mac_address": "BC:24:11:E3:57:4D",
                "model": "virtio",
                "mtu": 0,
                "queues": 0,
                "rate_limit": 0,
                "vlan_id": 0
              }
            ],
            "network_interface_names": [],
            "node_name": "pve01",
            "on_boot": true,
            "operating_system": [],
            "pool_id": null,
            "reboot": false,
            "scsi_hardware": "virtio-scsi-pci",
            "serial_device": [],
            "smbios": [],
            "started": false,
            "startup": [],
            "stop_on_destroy": false,
            "tablet_device": true,
            "tags": [
              "ansible",
              "automation",
              "control-node",
              "jenkins",
              "stan",
              "terraform",
              "ubuntu"
            ],
            "template": false,
            "timeout_clone": 1800,
            "timeout_create": 1800,
            "timeout_migrate": 1800,
            "timeout_move_disk": 1800,
            "timeout_reboot": 1800,
            "timeout_shutdown_vm": 1800,
            "timeout_start_vm": 1800,
            "timeout_stop_vm": 300,
            "tpm_state": [],
            "usb": [],
            "vga": [],
            "vm_id": 1003
          },
          "sensitive_attributes": [
            [
              {
                "type": "get_attr",
                "value": "initialization"
              },
              {
                "type": "index",
                "value": {
                  "value": 0,
                  "type": "number"
                }
              },
              {
                "type": "get_attr",
                "value": "user_account"
              },
              {
                "type": "index",
                "value": {
                  "value": 0,
                  "type": "number"
                }
              },
              {
                "type": "get_attr",
                "value": "password"
              }
            ]
          ],
          "identity_schema_version": 0,
          "private": "bnVsbA=="
        },
        {
          "index_key": "stan-gw01",
          "schema_version": 0,
          "attributes": {
            "acpi": true,
            "agent": [
              {
                "enabled": true,
                "timeout": "15m",
                "trim": false,
                "type": "virtio"
              }
            ],
            "audio_device": [],
            "bios": "seabios",
            "boot_order": null,
            "cdrom": [],
            "clone": [
              {
                "datastore_id": "",
                "full": true,
                "node_name": "",
                "retries": 1,
                "vm_id": 110
              }
            ],
            "cpu": [
              {
                "architecture": "x86_64",
                "cores": 1,
                "flags": [],
                "hotplugged": 0,
                "limit": 0,
                "numa": false,
                "sockets": 1,
                "type": "host",
                "units": 1024
              }
            ],
            "description": "Network Gateway - NGINX reverse proxy",
            "disk": [
              {
                "cache": "none",
                "datastore_id": "disk1tb-01",
                "discard": "ignore",
                "file_format": "raw",
                "file_id": "",
                "interface": "scsi0",
                "iothread": false,
                "path_in_datastore": "vm-1005-disk-0",
                "size": 100,
                "speed": [],
                "ssd": false
              }
            ],
            "efi_disk": [],
            "hook_script_file_id": null,
            "hostpci": [],
            "id": "1005",
            "initialization": [
              {
                "datastore_id": "disk1tb-01",
                "dns": [
                  {
                    "domain": "",
                    "server": "",
                    "servers": [
                      "192.168.1.55",
                      "1.1.1.1"
                    ]
                  }
                ],
                "interface": "ide2",
                "ip_config": [
                  {
                    "ipv4": [
                      {
                        "address": "192.168.1.60/24",
                        "gateway": "192.168.1.1"
                      }
                    ],
                    "ipv6": []
                  }
                ],
                "meta_data_file_id": "",
                "network_data_file_id": "",
                "type": "",
                "user_account": [
                  {
                    "keys": [
                      "ssh-rsa AAAAB3NzaC1yc2EAAAADAQABAAABgQCzUXlDKjVBkd5g9HZmlElOJHaAhRSOACSe3N16JCMcj7w96opfwdrmq+wri9tUkyPQJeNknO83KtZyIeOwyTNcDAuDS27UWPHCv1qLCr2xk7iUXe+8hW7DisuVJ2/GOkdqxwjto3a8Npvc3gHJmrvKDLqiRaal6pxkVTwA/peMjLIKrEc6NATY4+Uu/EGNDbo9dToqmQyvD/iArz5+1kwG0VD4x1PXzBmTsv7PC6QDEciMN/TcXAKaN3oqtOm0wheYYInFy36yQEP4lgRwTUseMr1hSzpdpi3eN2BujB1zzDxWvN+NN3GdWVvdabbb2ORkC2F/XgTUu9UHffKDJreF7rJ66nKORcgMxuBBv9fOj1yXM1topsBFNfI+R+YDkSJozgfZCZHQUbzXiuzDyLtfA3fGcT4k1pja19OpodVrimoxsHAzoeQo2hyBDtPdOrXUEsZNeY4Mh2hkGYwrdXarsuhW2oUsrQrr2qByzlvQITf9PCdpACxcxpJEVNctUBk=",
                      "ssh-ed25519 AAAAC3NzaC1lZDI1NTE5AAAAILx4I1Jn1KrZ7sbGRZkmtAY+1wG4kONRONL1pqWxG1BJ"
                    ],
                    "password": "",
                    "username": "ubuntu"
                  }
                ],
                "user_data_file_id": "",
                "vendor_data_file_id": ""
              }
            ],
            "ipv4_addresses": [
              [
                "127.0.0.1"
              ],
              [
                "192.168.1.60"
              ]
            ],
            "ipv6_addresses": [
              [
                "::1"
              ],
              [
                "fe80::be24:11ff:feb9:536b"
              ]
            ],
            "keyboard_layout": "en-us",
            "kvm_arguments": null,
            "mac_addresses": [
              "00:00:00:00:00:00",
              "BC:24:11:B9:53:6B"
            ],
            "machine": null,
            "memory": [
              {
                "dedicated": 4096,
                "floating": 0,
                "shared": 0
              }
            ],
            "migrate": false,
            "name": "stan-gw01",
            "network_device": [
              {
                "bridge": "vmbr0",
                "enabled": true,
                "firewall": false,
                "mac_address": "BC:24:11:B9:53:6B",
                "model": "virtio",
                "mtu": 0,
                "queues": 0,
                "rate_limit": 0,
                "vlan_id": 0
              }
            ],
            "network_interface_names": [
              "lo",
              "eth0"
            ],
            "node_name": "pve01",
            "on_boot": true,
            "operating_system": [],
            "pool_id": null,
            "reboot": false,
            "scsi_hardware": "virtio-scsi-pci",
            "serial_device": [],
            "smbios": [],
            "started": true,
            "startup": [],
            "stop_on_destroy": false,
            "tablet_device": true,
            "tags": [
              "gateway",
              "nginx",
              "stan",
              "terraform",
              "ubuntu"
            ],
            "template": false,
            "timeout_clone": 1800,
            "timeout_create": 1800,
            "timeout_migrate": 1800,
            "timeout_move_disk": 1800,
            "timeout_reboot": 1800,
            "timeout_shutdown_vm": 1800,
            "timeout_start_vm": 1800,
            "timeout_stop_vm": 300,
            "tpm_state": [],
            "usb": [],
            "vga": [],
            "vm_id": 1005
          },
          "sensitive_attributes": [
            [
              {
                "type": "get_attr",
                "value": "initialization"
              },
              {
                "type": "index",
                "value": {
                  "value": 0,
                  "type": "number"
                }
              },
              {
                "type": "get_attr",
                "value": "user_account"
              },
              {
                "type": "index",
                "value": {
                  "value": 0,
                  "type": "number"
                }
              },
              {
                "type": "get_attr",
                "value": "password"
              }
            ]
          ],
          "identity_schema_version": 0,
          "private": "bnVsbA=="
        },
        {
          "index_key": "stan-ns01",
          "schema_version": 0,
          "attributes": {
            "acpi": true,
            "agent": [
              {
                "enabled": true,
                "timeout": "15m",
                "trim": false,
                "type": "virtio"
              }
            ],
            "audio_device": [],
            "bios": "seabios",
            "boot_order": null,
            "cdrom": [],
            "clone": [
              {
                "datastore_id": "",
                "full": true,
                "node_name": "",
                "retries": 1,
                "vm_id": 110
              }
            ],
            "cpu": [
              {
                "architecture": "x86_64",
                "cores": 1,
                "flags": [],
                "hotplugged": 0,
                "limit": 0,
                "numa": false,
                "sockets": 1,
                "type": "host",
                "units": 1024
              }
            ],
            "description": "Network NS -  DNS, DHCP services",
            "disk": [
              {
                "cache": "none",
                "datastore_id": "disk1tb-01",
                "discard": "ignore",
                "file_format": "raw",
                "file_id": "",
                "interface": "scsi0",
                "iothread": false,
                "path_in_datastore": "vm-1002-disk-0",
                "size": 100,
                "speed": [],
                "ssd": false
              }
            ],
            "efi_disk": [],
            "hook_script_file_id": null,
            "hostpci": [],
            "id": "1002",
            "initialization": [
              {
                "datastore_id": "disk1tb-01",
                "dns": [
                  {
                    "domain": "",
                    "server": "",
                    "servers": [
                      "192.168.1.55",
                      "1.1.1.1"
                    ]
                  }
                ],
                "interface": "ide2",
                "ip_config": [
                  {
                    "ipv4": [
                      {
                        "address": "192.168.1.55/24",
                        "gateway": "192.168.1.1"
                      }
                    ],
                    "ipv6": []
                  }
                ],
                "meta_data_file_id": "",
                "network_data_file_id": "",
                "type": "",
                "user_account": [
                  {
                    "keys": [
                      "ssh-rsa AAAAB3NzaC1yc2EAAAADAQABAAABgQCzUXlDKjVBkd5g9HZmlElOJHaAhRSOACSe3N16JCMcj7w96opfwdrmq+wri9tUkyPQJeNknO83KtZyIeOwyTNcDAuDS27UWPHCv1qLCr2xk7iUXe+8hW7DisuVJ2/GOkdqxwjto3a8Npvc3gHJmrvKDLqiRaal6pxkVTwA/peMjLIKrEc6NATY4+Uu/EGNDbo9dToqmQyvD/iArz5+1kwG0VD4x1PXzBmTsv7PC6QDEciMN/TcXAKaN3oqtOm0wheYYInFy36yQEP4lgRwTUseMr1hSzpdpi3eN2BujB1zzDxWvN+NN3GdWVvdabbb2ORkC2F/XgTUu9UHffKDJreF7rJ66nKORcgMxuBBv9fOj1yXM1topsBFNfI+R+YDkSJozgfZCZHQUbzXiuzDyLtfA3fGcT4k1pja19OpodVrimoxsHAzoeQo2hyBDtPdOrXUEsZNeY4Mh2hkGYwrdXarsuhW2oUsrQrr2qByzlvQITf9PCdpACxcxpJEVNctUBk=",
                      "ssh-ed25519 AAAAC3NzaC1lZDI1NTE5AAAAILx4I1Jn1KrZ7sbGRZkmtAY+1wG4kONRONL1pqWxG1BJ"
                    ],
                    "password": "",
                    "username": "ubuntu"
                  }
                ],
                "user_data_file_id": "",
                "vendor_data_file_id": ""
              }
            ],
            "ipv4_addresses": [],
            "ipv6_addresses": [],
            "keyboard_layout": "en-us",
            "kvm_arguments": null,
            "mac_addresses": [
              "BC:24:11:2A:AA:8C"
            ],
            "machine": null,
            "memory": [
              {
                "dedicated": 4096,
                "floating": 0,
                "shared": 0
              }
            ],
            "migrate": false,
            "name": "stan-ns01",
            "network_device": [
              {
                "bridge": "vmbr0",
                "enabled": true,
                "firewall": false,
                "mac_address": "BC:24:11:2A:AA:8C",
                "model": "virtio",
                "mtu": 0,
                "queues": 0,
                "rate_limit": 0,
                "vlan_id": 0
              }
            ],
            "network_interface_names": [],
            "node_name": "pve01",
            "on_boot": true,
            "operating_system": [],
            "pool_id": null,
            "reboot": false,
            "scsi_hardware": "virtio-scsi-pci",
            "serial_device": [],
            "smbios": [],
            "started": false,
            "startup": [],
            "stop_on_destroy": false,
            "tablet_device": true,
            "tags": [
              "dhcp",
              "dns",
              "networking",
              "stan",
              "terraform",
              "ubuntu"
            ],
            "template": false,
            "timeout_clone": 1800,
            "timeout_create": 1800,
            "timeout_migrate": 1800,
            "timeout_move_disk": 1800,
            "timeout_reboot": 1800,
            "timeout_shutdown_vm": 1800,
            "timeout_start_vm": 1800,
            "timeout_stop_vm": 300,
            "tpm_state": [],
            "usb": [],
            "vga": [],
            "vm_id": 1002
          },
          "sensitive_attributes": [
            [
              {
                "type": "get_attr",
                "value": "initialization"
              },
              {
                "type": "index",
                "value": {
                  "value": 0,
                  "type": "number"
                }
              },
              {
                "type": "get_attr",
                "value": "user_account"
              },
              {
                "type": "index",
                "value": {
                  "value": 0,
                  "type": "number"
                }
              },
              {
                "type": "get_attr",
                "value": "password"
              }
            ]
          ],
          "identity_schema_version": 0,
          "private": "bnVsbA=="
        },
        {
          "index_key": "stan-runner01",
          "schema_version": 0,
          "attributes": {
            "acpi": true,
            "agent": [
              {
                "enabled": true,
                "timeout": "15m",
                "trim": false,
                "type": "virtio"
              }
            ],
            "audio_device": [],
            "bios": "seabios",
            "boot_order": null,
            "cdrom": [],
            "clone": [
              {
                "datastore_id": "",
                "full": true,
                "node_name": "",
                "retries": 1,
                "vm_id": 110
              }
            ],
            "cpu": [
              {
                "architecture": "x86_64",
                "cores": 2,
                "flags": [],
                "hotplugged": 0,
                "limit": 0,
                "numa": false,
                "sockets": 1,
                "type": "host",
                "units": 1024
              }
            ],
            "description": "GitLab/Jenkins CI/CD Runner - Automated build and deployment tasks",
            "disk": [
              {
                "cache": "none",
                "datastore_id": "disk1tb-01",
                "discard": "ignore",
                "file_format": "raw",
                "file_id": "",
                "interface": "scsi0",
                "iothread": false,
                "path_in_datastore": "vm-1001-disk-0",
                "size": 120,
                "speed": [],
                "ssd": false
              }
            ],
            "efi_disk": [],
            "hook_script_file_id": null,
            "hostpci": [],
            "id": "1001",
            "initialization": [
              {
                "datastore_id": "disk1tb-01",
                "dns": [
                  {
                    "domain": "",
                    "server": "",
                    "servers": [
                      "192.168.1.55",
                      "1.1.1.1"
                    ]
                  }
                ],
                "interface": "ide2",
                "ip_config": [
                  {
                    "ipv4": [
                      {
                        "address": "dhcp",
                        "gateway": ""
                      }
                    ],
                    "ipv6": []
                  }
                ],
                "meta_data_file_id": "",
                "network_data_file_id": "",
                "type": "",
                "user_account": [
                  {
                    "keys": [
                      "ssh-rsa AAAAB3NzaC1yc2EAAAADAQABAAABgQCzUXlDKjVBkd5g9HZmlElOJHaAhRSOACSe3N16JCMcj7w96opfwdrmq+wri9tUkyPQJeNknO83KtZyIeOwyTNcDAuDS27UWPHCv1qLCr2xk7iUXe+8hW7DisuVJ2/GOkdqxwjto3a8Npvc3gHJmrvKDLqiRaal6pxkVTwA/peMjLIKrEc6NATY4+Uu/EGNDbo9dToqmQyvD/iArz5+1kwG0VD4x1PXzBmTsv7PC6QDEciMN/TcXAKaN3oqtOm0wheYYInFy36yQEP4lgRwTUseMr1hSzpdpi3eN2BujB1zzDxWvN+NN3GdWVvdabbb2ORkC2F/XgTUu9UHffKDJreF7rJ66nKORcgMxuBBv9fOj1yXM1topsBFNfI+R+YDkSJozgfZCZHQUbzXiuzDyLtfA3fGcT4k1pja19OpodVrimoxsHAzoeQo2hyBDtPdOrXUEsZNeY4Mh2hkGYwrdXarsuhW2oUsrQrr2qByzlvQITf9PCdpACxcxpJEVNctUBk=",
                      "ssh-ed25519 AAAAC3NzaC1lZDI1NTE5AAAAILx4I1Jn1KrZ7sbGRZkmtAY+1wG4kONRONL1pqWxG1BJ"
                    ],
                    "password": "",
                    "username": "ubuntu"
                  }
                ],
                "user_data_file_id": "",
                "vendor_data_file_id": ""
              }
            ],
            "ipv4_addresses": [],
            "ipv6_addresses": [],
            "keyboard_layout": "en-us",
            "kvm_arguments": null,
            "mac_addresses": [
              "BC:24:11:ED:51:8E"
            ],
            "machine": null,
            "memory": [
              {
                "dedicated": 6144,
                "floating": 0,
                "shared": 0
              }
            ],
            "migrate": false,
            "name": "stan-runner01",
            "network_device": [
              {
                "bridge": "vmbr0",
                "enabled": true,
                "firewall": false,
                "mac_address": "BC:24:11:ED:51:8E",
                "model": "virtio",
                "mtu": 0,
                "queues": 0,
                "rate_limit": 0,
                "vlan_id": 0
              }
            ],
            "network_interface_names": [],
            "node_name": "pve01",
            "on_boot": true,
            "operating_system": [],
            "pool_id": null,
            "reboot": false,
            "scsi_hardware": "virtio-scsi-pci",
            "serial_device": [],
            "smbios": [],
            "started": false,
            "startup": [],
            "stop_on_destroy": false,
            "tablet_device": true,
            "tags": [
              "cicd",
              "gitlab",
              "jenkins-runner",
              "runner",
              "stan",
              "terraform",
              "ubuntu"
            ],
            "template": false,
            "timeout_clone": 1800,
            "timeout_create": 1800,
            "timeout_migrate": 1800,
            "timeout_move_disk": 1800,
            "timeout_reboot": 1800,
            "timeout_shutdown_vm": 1800,
            "timeout_start_vm": 1800,
            "timeout_stop_vm": 300,
            "tpm_state": [],
            "usb": [],
            "vga": [],
            "vm_id": 1001
          },
          "sensitive_attributes": [
            [
              {
                "type": "get_attr",
                "value": "initialization"
              },
              {
                "type": "index",
                "value": {
                  "value": 0,
                  "type": "number"
                }
              },
              {
                "type": "get_attr",
                "value": "user_account"
              },
              {
                "type": "index",
                "value": {
                  "value": 0,
                  "type": "number"
                }
              },
              {
                "type": "get_attr",
                "value": "password"
              }
            ]
          ],
          "identity_schema_version": 0,
          "private": "bnVsbA=="
        }
      ]
    }
  ],
  "check_results": null
}
