{
  "version": 4,
  "terraform_version": "1.7.0",
  "serial": 150,
  "lineage": "11fa247a-cf01-2b4f-e0a6-4043761f4bfb",
  "outputs": {},
  "resources": [
    {
      "mode": "managed",
      "type": "cloudflare_dns_record",
      "name": "dns_records",
      "provider": "provider[\"registry.terraform.io/cloudflare/cloudflare\"]",
      "instances": [
        {
          "index_key": "@-MX",
          "schema_version": 0,
          "attributes": {
            "comment": "Primary mail exchanger",
            "comment_modified_on": "2025-08-26T10:21:27Z",
            "content": "mail.stanodn.org",
            "created_on": "2025-08-26T10:21:27Z",
            "data": null,
            "id": "98266b60f7fd0f47315c65cf50c0beb3",
            "meta": "{}",
            "modified_on": "2025-08-26T10:21:27Z",
            "name": "@",
            "priority": 10,
            "proxiable": false,
            "proxied": false,
            "settings": {
              "flatten_cname": null,
              "ipv4_only": null,
              "ipv6_only": null
            },
            "tags": [],
            "tags_modified_on": null,
            "ttl": 1,
            "type": "MX",
            "zone_id": "21e55962b0b1c32f630c28a42e5d0ff1"
          },
          "sensitive_attributes": []
        },
        {
          "index_key": "@-TXT",
          "schema_version": 0,
          "attributes": {
            "comment": "SPF record",
            "comment_modified_on": "2025-08-26T10:21:26Z",
            "content": "v=spf1 mx a:mail.stanodn.org include:spf.smtp2go.com ~all",
            "created_on": "2025-08-26T10:21:26Z",
            "data": null,
            "id": "0533a4ae70eb1971388426edccc2d57b",
            "meta": "{}",
            "modified_on": "2025-08-26T10:21:26Z",
            "name": "@",
            "priority": null,
            "proxiable": false,
            "proxied": false,
            "settings": {
              "flatten_cname": null,
              "ipv4_only": null,
              "ipv6_only": null
            },
            "tags": [],
            "tags_modified_on": null,
            "ttl": 1,
            "type": "TXT",
            "zone_id": "21e55962b0b1c32f630c28a42e5d0ff1"
          },
          "sensitive_attributes": []
        },
        {
          "index_key": "_dmarc-TXT",
          "schema_version": 0,
          "attributes": {
            "comment": "DMARC record",
            "comment_modified_on": "2025-08-26T10:21:27Z",
            "content": "v=DMARC1; p=reject; rua=mailto:admin@stanodn.org; ruf=mailto:admin@stanodn.org; adkim=s; aspf=s",
            "created_on": "2025-08-26T10:21:27Z",
            "data": null,
            "id": "c8d3dca9fc9931af3719fde145d37179",
            "meta": "{}",
            "modified_on": "2025-08-26T10:21:27Z",
            "name": "_dmarc",
            "priority": null,
            "proxiable": false,
            "proxied": false,
            "settings": {
              "flatten_cname": null,
              "ipv4_only": null,
              "ipv6_only": null
            },
            "tags": [],
            "tags_modified_on": null,
            "ttl": 1,
            "type": "TXT",
            "zone_id": "21e55962b0b1c32f630c28a42e5d0ff1"
          },
          "sensitive_attributes": []
        },
        {
          "index_key": "autoconfig-CNAME",
          "schema_version": 0,
          "attributes": {
            "comment": "Mail autoconfig",
            "comment_modified_on": "2025-08-26T10:21:27Z",
            "content": "mail.stanodn.org",
            "created_on": "2025-08-26T10:21:27Z",
            "data": null,
            "id": "23c7991f5d56ce0df67ee7a1da372250",
            "meta": "{}",
            "modified_on": "2025-08-26T12:54:41Z",
            "name": "autoconfig",
            "priority": null,
            "proxiable": true,
            "proxied": false,
            "settings": {
              "flatten_cname": false,
              "ipv4_only": null,
              "ipv6_only": null
            },
            "tags": [],
            "tags_modified_on": null,
            "ttl": 1,
            "type": "CNAME",
            "zone_id": "21e55962b0b1c32f630c28a42e5d0ff1"
          },
          "sensitive_attributes": []
        },
        {
          "index_key": "autodiscover-CNAME",
          "schema_version": 0,
          "attributes": {
            "comment": "Mail autodiscover",
            "comment_modified_on": "2025-08-26T10:21:27Z",
            "content": "mail.stanodn.org",
            "created_on": "2025-08-26T10:21:27Z",
            "data": null,
            "id": "aee2bd3b14d5b84a2930fe6d3bb6b472",
            "meta": "{}",
            "modified_on": "2025-08-26T12:54:41Z",
            "name": "autodiscover",
            "priority": null,
            "proxiable": true,
            "proxied": false,
            "settings": {
              "flatten_cname": false,
              "ipv4_only": null,
              "ipv6_only": null
            },
            "tags": [],
            "tags_modified_on": null,
            "ttl": 1,
            "type": "CNAME",
            "zone_id": "21e55962b0b1c32f630c28a42e5d0ff1"
          },
          "sensitive_attributes": []
        },
        {
          "index_key": "dkim._domainkey-TXT",
          "schema_version": 0,
          "attributes": {
            "comment": "DKIM record",
            "comment_modified_on": "2025-08-26T10:21:27Z",
            "content": "v=DKIM1; k=rsa; p=MIIBIjANBgkqhkiG9w0BAQEFAAOCAQ8AMIIBCgKCAQEAtZa6Aj1GKVQOFkfa9reK1hUwT+aBcHBdx3hNRt07wYoHH/LxxZN6UjLto/R9n1v6/p1cQi2I0wV7ZmjxYUiM7ej9zczIcmyqhoWVuX0vXDQfvcQsB6C336Nssa0Ugs/m4zGQWtAPTL/MBV9FcNTlOJT5VM+6BCZvU3Ogmc8cwS1FdquSdTELVoogDyYfHioLdTo36FLIfCBTkJo+3P0/HahhcwxetWhOlEG2tVKGvJ6E9VI1S433W2CV5zukmqW4Jb5/WD/2q3668u61Y8Y03URQE+e9DJXpiMkHrpNY1OkHRGwoTqYX1jDyrIe7MvJ9hJkMlSss9IUV3YmSQ6Fi3wIDAQAB",
            "created_on": "2025-08-26T10:21:27Z",
            "data": null,
            "id": "7de1c44ebd4c7f59d6ab0f4de50fd275",
            "meta": "{}",
            "modified_on": "2025-08-26T10:21:27Z",
            "name": "dkim._domainkey",
            "priority": null,
            "proxiable": false,
            "proxied": false,
            "settings": {
              "flatten_cname": null,
              "ipv4_only": null,
              "ipv6_only": null
            },
            "tags": [],
            "tags_modified_on": null,
            "ttl": 1,
            "type": "TXT",
            "zone_id": "21e55962b0b1c32f630c28a42e5d0ff1"
          },
          "sensitive_attributes": []
        },
        {
          "index_key": "em584305-CNAME",
          "schema_version": 0,
          "attributes": {
            "comment": "SMTP2GO return",
            "comment_modified_on": "2025-08-26T10:21:27Z",
            "content": "return.smtp2go.net",
            "created_on": "2025-08-26T10:21:27Z",
            "data": null,
            "id": "0cdda2345c970586fe5e86d9c8b085ce",
            "meta": "{}",
            "modified_on": "2025-08-26T12:54:41Z",
            "name": "em584305",
            "priority": null,
            "proxiable": true,
            "proxied": false,
            "settings": {
              "flatten_cname": false,
              "ipv4_only": null,
              "ipv6_only": null
            },
            "tags": [],
            "tags_modified_on": null,
            "ttl": 1,
            "type": "CNAME",
            "zone_id": "21e55962b0b1c32f630c28a42e5d0ff1"
          },
          "sensitive_attributes": []
        },
        {
          "index_key": "jenkins-A",
          "schema_version": 0,
          "attributes": {
            "comment": "Jenkins server",
            "comment_modified_on": "2025-08-26T10:21:27Z",
            "content": "77.37.156.63",
            "created_on": "2025-08-26T10:21:27Z",
            "data": null,
            "id": "5fda04626d7c1b698c1adf16031924c7",
            "meta": "{}",
            "modified_on": "2025-08-26T10:21:27Z",
            "name": "jenkins",
            "priority": null,
            "proxiable": true,
            "proxied": true,
            "settings": {
              "flatten_cname": null,
              "ipv4_only": null,
              "ipv6_only": null
            },
            "tags": [],
            "tags_modified_on": null,
            "ttl": 1,
            "type": "A",
            "zone_id": "21e55962b0b1c32f630c28a42e5d0ff1"
          },
          "sensitive_attributes": []
        },
        {
          "index_key": "link-CNAME",
          "schema_version": 0,
          "attributes": {
            "comment": "SMTP2GO tracking",
            "comment_modified_on": "2025-08-26T10:21:27Z",
            "content": "track.smtp2go.net",
            "created_on": "2025-08-26T10:21:27Z",
            "data": null,
            "id": "8942bf48c926ad7ef5409989b21b605f",
            "meta": "{}",
            "modified_on": "2025-08-26T12:54:41Z",
            "name": "link",
            "priority": null,
            "proxiable": true,
            "proxied": false,
            "settings": {
              "flatten_cname": false,
              "ipv4_only": null,
              "ipv6_only": null
            },
            "tags": [],
            "tags_modified_on": null,
            "ttl": 1,
            "type": "CNAME",
            "zone_id": "21e55962b0b1c32f630c28a42e5d0ff1"
          },
          "sensitive_attributes": []
        },
        {
          "index_key": "mail-A",
          "schema_version": 0,
          "attributes": {
            "comment": "Mail server",
            "comment_modified_on": "2025-08-26T10:21:26Z",
            "content": "91.132.132.208",
            "created_on": "2025-08-26T10:21:26Z",
            "data": null,
            "id": "12ea0a32b037b9fa93f7d27a5abe35bd",
            "meta": "{}",
            "modified_on": "2025-08-26T10:21:26Z",
            "name": "mail",
            "priority": null,
            "proxiable": true,
            "proxied": false,
            "settings": {
              "flatten_cname": null,
              "ipv4_only": null,
              "ipv6_only": null
            },
            "tags": [],
            "tags_modified_on": null,
            "ttl": 1,
            "type": "A",
            "zone_id": "21e55962b0b1c32f630c28a42e5d0ff1"
          },
          "sensitive_attributes": []
        },
        {
          "index_key": "pihole-A",
          "schema_version": 0,
          "attributes": {
            "comment": "Pi-hole DNS server",
            "comment_modified_on": "2025-08-26T10:21:26Z",
            "content": "77.37.156.63",
            "created_on": "2025-08-26T10:21:26Z",
            "data": null,
            "id": "5b873c99e06cbf8395b78e0e06ecfba4",
            "meta": "{}",
            "modified_on": "2025-08-26T10:21:26Z",
            "name": "pihole",
            "priority": null,
            "proxiable": true,
            "proxied": true,
            "settings": {
              "flatten_cname": null,
              "ipv4_only": null,
              "ipv6_only": null
            },
            "tags": [],
            "tags_modified_on": null,
            "ttl": 1,
            "type": "A",
            "zone_id": "21e55962b0b1c32f630c28a42e5d0ff1"
          },
          "sensitive_attributes": []
        },
        {
          "index_key": "proxmox-A",
          "schema_version": 0,
          "attributes": {
            "comment": "Proxmox server",
            "comment_modified_on": "2025-08-26T10:21:27Z",
            "content": "77.37.156.63",
            "created_on": "2025-08-26T10:21:27Z",
            "data": null,
            "id": "650dc4ab7fd8247115599eed68ca3ea8",
            "meta": "{}",
            "modified_on": "2025-08-26T10:21:27Z",
            "name": "proxmox",
            "priority": null,
            "proxiable": true,
            "proxied": true,
            "settings": {
              "flatten_cname": null,
              "ipv4_only": null,
              "ipv6_only": null
            },
            "tags": [],
            "tags_modified_on": null,
            "ttl": 1,
            "type": "A",
            "zone_id": "21e55962b0b1c32f630c28a42e5d0ff1"
          },
          "sensitive_attributes": []
        },
        {
          "index_key": "s584305._domainkey-CNAME",
          "schema_version": 0,
          "attributes": {
            "comment": "SMTP2GO DKIM",
            "comment_modified_on": "2025-08-26T10:21:26Z",
            "content": "dkim.smtp2go.net",
            "created_on": "2025-08-26T10:21:26Z",
            "data": null,
            "id": "b71f89a09fe055225eea6fe5d9893fe0",
            "meta": "{}",
            "modified_on": "2025-08-26T12:54:41Z",
            "name": "s584305._domainkey",
            "priority": null,
            "proxiable": true,
            "proxied": false,
            "settings": {
              "flatten_cname": false,
              "ipv4_only": null,
              "ipv6_only": null
            },
            "tags": [],
            "tags_modified_on": null,
            "ttl": 1,
            "type": "CNAME",
            "zone_id": "21e55962b0b1c32f630c28a42e5d0ff1"
          },
          "sensitive_attributes": []
        },
        {
          "index_key": "semaphore-A",
          "schema_version": 0,
          "attributes": {
            "comment": "Semaphore server",
            "comment_modified_on": "2025-08-26T12:54:41Z",
            "content": "77.37.156.63",
            "created_on": "2025-08-26T12:54:41Z",
            "data": null,
            "id": "9605cda5a76193eae4e9455209ff885e",
            "meta": "{}",
            "modified_on": "2025-08-26T12:54:41Z",
            "name": "semaphore",
            "priority": null,
            "proxiable": true,
            "proxied": true,
            "settings": {
              "flatten_cname": null,
              "ipv4_only": null,
              "ipv6_only": null
            },
            "tags": [],
            "tags_modified_on": null,
            "ttl": 1,
            "type": "A",
            "zone_id": "21e55962b0b1c32f630c28a42e5d0ff1"
          },
          "sensitive_attributes": []
        },
        {
          "index_key": "serv-ru-A",
          "schema_version": 0,
          "attributes": {
            "comment": "Russian server",
            "comment_modified_on": "2025-08-26T10:21:26Z",
            "content": "45.159.210.230",
            "created_on": "2025-08-26T10:21:26Z",
            "data": null,
            "id": "b56963e7bfc503342bc14213c9c16c1c",
            "meta": "{}",
            "modified_on": "2025-08-26T10:21:26Z",
            "name": "serv-ru",
            "priority": null,
            "proxiable": true,
            "proxied": false,
            "settings": {
              "flatten_cname": null,
              "ipv4_only": null,
              "ipv6_only": null
            },
            "tags": [],
            "tags_modified_on": null,
            "ttl": 1,
            "type": "A",
            "zone_id": "21e55962b0b1c32f630c28a42e5d0ff1"
          },
          "sensitive_attributes": []
        },
        {
          "index_key": "test-A",
          "schema_version": 0,
          "attributes": {
            "comment": "Test server",
            "comment_modified_on": "2025-08-26T11:17:41Z",
            "content": "77.37.156.63",
            "created_on": "2025-08-26T11:17:41Z",
            "data": null,
            "id": "a702dc878968ed5e444ed94f8749834c",
            "meta": "{}",
            "modified_on": "2025-08-26T11:17:41Z",
            "name": "test",
            "priority": null,
            "proxiable": true,
            "proxied": true,
            "settings": {
              "flatten_cname": null,
              "ipv4_only": null,
              "ipv6_only": null
            },
            "tags": [],
            "tags_modified_on": null,
            "ttl": 1,
            "type": "A",
            "zone_id": "21e55962b0b1c32f630c28a42e5d0ff1"
          },
          "sensitive_attributes": []
        },
        {
          "index_key": "web-A",
          "schema_version": 0,
          "attributes": {
            "comment": "Web server",
            "comment_modified_on": "2025-08-26T10:21:26Z",
            "content": "91.132.132.208",
            "created_on": "2025-08-26T10:21:26Z",
            "data": null,
            "id": "5f8738824e8efb930f5da307177b041c",
            "meta": "{}",
            "modified_on": "2025-08-26T10:21:26Z",
            "name": "web",
            "priority": null,
            "proxiable": true,
            "proxied": false,
            "settings": {
              "flatten_cname": null,
              "ipv4_only": null,
              "ipv6_only": null
            },
            "tags": [],
            "tags_modified_on": null,
            "ttl": 1,
            "type": "A",
            "zone_id": "21e55962b0b1c32f630c28a42e5d0ff1"
          },
          "sensitive_attributes": []
        }
      ]
    },
    {
      "mode": "managed",
      "type": "cloudflare_dns_record",
      "name": "srv_records",
      "provider": "provider[\"registry.terraform.io/cloudflare/cloudflare\"]",
      "instances": [
        {
          "index_key": "_autodiscover._tcp-SRV",
          "schema_version": 0,
          "attributes": {
            "comment": "Mail autodiscover SRV",
            "comment_modified_on": "2025-08-26T10:21:26Z",
            "content": "1 443 mail.stanodn.org",
            "created_on": "2025-08-26T10:21:26Z",
            "data": {
              "algorithm": null,
              "altitude": null,
              "certificate": null,
              "digest": null,
              "digest_type": null,
              "fingerprint": null,
              "flags": null,
              "key_tag": null,
              "lat_degrees": null,
              "lat_direction": null,
              "lat_minutes": null,
              "lat_seconds": null,
              "long_degrees": null,
              "long_direction": null,
              "long_minutes": null,
              "long_seconds": null,
              "matching_type": null,
              "order": null,
              "port": 443,
              "precision_horz": null,
              "precision_vert": null,
              "preference": null,
              "priority": 10,
              "protocol": null,
              "public_key": null,
              "regex": null,
              "replacement": null,
              "selector": null,
              "service": null,
              "size": null,
              "tag": null,
              "target": "mail.stanodn.org",
              "type": null,
              "usage": null,
              "value": null,
              "weight": 1
            },
            "id": "cef0deb39bd2fb19b5ffe1d76ec9ba96",
            "meta": "{}",
            "modified_on": "2025-08-26T10:21:26Z",
            "name": "_autodiscover._tcp",
            "priority": null,
            "proxiable": false,
            "proxied": false,
            "settings": {
              "flatten_cname": null,
              "ipv4_only": null,
              "ipv6_only": null
            },
            "tags": [],
            "tags_modified_on": null,
            "ttl": 1,
            "type": "SRV",
            "zone_id": "21e55962b0b1c32f630c28a42e5d0ff1"
          },
          "sensitive_attributes": []
        },
        {
          "index_key": "_imaps._tcp-SRV",
          "schema_version": 0,
          "attributes": {
            "comment": "IMAPS SRV",
            "comment_modified_on": "2025-08-26T10:21:26Z",
            "content": "1 993 mail.stanodn.org",
            "created_on": "2025-08-26T10:21:26Z",
            "data": {
              "algorithm": null,
              "altitude": null,
              "certificate": null,
              "digest": null,
              "digest_type": null,
              "fingerprint": null,
              "flags": null,
              "key_tag": null,
              "lat_degrees": null,
              "lat_direction": null,
              "lat_minutes": null,
              "lat_seconds": null,
              "long_degrees": null,
              "long_direction": null,
              "long_minutes": null,
              "long_seconds": null,
              "matching_type": null,
              "order": null,
              "port": 993,
              "precision_horz": null,
              "precision_vert": null,
              "preference": null,
              "priority": 10,
              "protocol": null,
              "public_key": null,
              "regex": null,
              "replacement": null,
              "selector": null,
              "service": null,
              "size": null,
              "tag": null,
              "target": "mail.stanodn.org",
              "type": null,
              "usage": null,
              "value": null,
              "weight": 1
            },
            "id": "687a6f0639f2ae0fe96168dc881f5a57",
            "meta": "{}",
            "modified_on": "2025-08-26T10:21:26Z",
            "name": "_imaps._tcp",
            "priority": null,
            "proxiable": false,
            "proxied": false,
            "settings": {
              "flatten_cname": null,
              "ipv4_only": null,
              "ipv6_only": null
            },
            "tags": [],
            "tags_modified_on": null,
            "ttl": 1,
            "type": "SRV",
            "zone_id": "21e55962b0b1c32f630c28a42e5d0ff1"
          },
          "sensitive_attributes": []
        },
        {
          "index_key": "_pop3s._tcp-SRV",
          "schema_version": 0,
          "attributes": {
            "comment": "POP3S SRV",
            "comment_modified_on": "2025-08-26T10:21:26Z",
            "content": "1 995 mail.stanodn.org",
            "created_on": "2025-08-26T10:21:26Z",
            "data": {
              "algorithm": null,
              "altitude": null,
              "certificate": null,
              "digest": null,
              "digest_type": null,
              "fingerprint": null,
              "flags": null,
              "key_tag": null,
              "lat_degrees": null,
              "lat_direction": null,
              "lat_minutes": null,
              "lat_seconds": null,
              "long_degrees": null,
              "long_direction": null,
              "long_minutes": null,
              "long_seconds": null,
              "matching_type": null,
              "order": null,
              "port": 995,
              "precision_horz": null,
              "precision_vert": null,
              "preference": null,
              "priority": 10,
              "protocol": null,
              "public_key": null,
              "regex": null,
              "replacement": null,
              "selector": null,
              "service": null,
              "size": null,
              "tag": null,
              "target": "mail.stanodn.org",
              "type": null,
              "usage": null,
              "value": null,
              "weight": 1
            },
            "id": "78854162854ca32c538cf72e459a437d",
            "meta": "{}",
            "modified_on": "2025-08-26T10:21:26Z",
            "name": "_pop3s._tcp",
            "priority": null,
            "proxiable": false,
            "proxied": false,
            "settings": {
              "flatten_cname": null,
              "ipv4_only": null,
              "ipv6_only": null
            },
            "tags": [],
            "tags_modified_on": null,
            "ttl": 1,
            "type": "SRV",
            "zone_id": "21e55962b0b1c32f630c28a42e5d0ff1"
          },
          "sensitive_attributes": []
        },
        {
          "index_key": "_submissions._tcp-SRV",
          "schema_version": 0,
          "attributes": {
            "comment": "SMTP submissions SRV",
            "comment_modified_on": "2025-08-26T10:21:26Z",
            "content": "1 465 mail.stanodn.org",
            "created_on": "2025-08-26T10:21:26Z",
            "data": {
              "algorithm": null,
              "altitude": null,
              "certificate": null,
              "digest": null,
              "digest_type": null,
              "fingerprint": null,
              "flags": null,
              "key_tag": null,
              "lat_degrees": null,
              "lat_direction": null,
              "lat_minutes": null,
              "lat_seconds": null,
              "long_degrees": null,
              "long_direction": null,
              "long_minutes": null,
              "long_seconds": null,
              "matching_type": null,
              "order": null,
              "port": 465,
              "precision_horz": null,
              "precision_vert": null,
              "preference": null,
              "priority": 10,
              "protocol": null,
              "public_key": null,
              "regex": null,
              "replacement": null,
              "selector": null,
              "service": null,
              "size": null,
              "tag": null,
              "target": "mail.stanodn.org",
              "type": null,
              "usage": null,
              "value": null,
              "weight": 1
            },
            "id": "121d255ca561be726a3a676aae78ea16",
            "meta": "{}",
            "modified_on": "2025-08-26T10:21:26Z",
            "name": "_submissions._tcp",
            "priority": null,
            "proxiable": false,
            "proxied": false,
            "settings": {
              "flatten_cname": null,
              "ipv4_only": null,
              "ipv6_only": null
            },
            "tags": [],
            "tags_modified_on": null,
            "ttl": 1,
            "type": "SRV",
            "zone_id": "21e55962b0b1c32f630c28a42e5d0ff1"
          },
          "sensitive_attributes": []
        }
      ]
    }
  ],
  "check_results": null
}
